
Microsoft Visual Studio Solution File, Format Version 12.00
# Visual Studio 15
Project("{FAE04EC0-301F-11D3-BF4B-00C04F79EFBC}") = "ARBusines", "ARBusines.csproj", "{42E83BC8-1A35-0170-7D19-42B6F7F247B1}"
EndProject
Global
	GlobalSection(SolutionConfigurationPlatforms) = preSolution
		Debug|Any CPU = Debug|Any CPU
		Release|Any CPU = Release|Any CPU
	EndGlobalSection
	GlobalSection(ProjectConfigurationPlatforms) = postSolution
		{42E83BC8-1A35-0170-7D19-42B6F7F247B1}.Debug|Any CPU.ActiveCfg = Debug|Any CPU
		{42E83BC8-1A35-0170-7D19-42B6F7F247B1}.Debug|Any CPU.Build.0 = Debug|Any CPU
		{42E83BC8-1A35-0170-7D19-42B6F7F247B1}.Release|Any CPU.ActiveCfg = Release|Any CPU
		{42E83BC8-1A35-0170-7D19-42B6F7F247B1}.Release|Any CPU.Build.0 = Release|Any CPU
	EndGlobalSection
	GlobalSection(SolutionProperties) = preSolution
		HideSolutionNode = FALSE
	EndGlobalSection
EndGlobal
